
Microsoft Visual Studio Solution File, Format Version 12.00
# Visual Studio Version 17
VisualStudioVersion = 17.6.33723.286
MinimumVisualStudioVersion = 10.0.40219.1
Project("{8BC9CEB8-8B4A-11D0-8D11-00A0C91BC942}") = "AI_SEM2_LAB2", "AI_SEM2_LAB2\AI_SEM2_LAB2.vcxproj", "{B841776F-2567-4BA3-9C94-9087A0BD7EED}"
EndProject
Global
	GlobalSection(SolutionConfigurationPlatforms) = preSolution
		Debug|x64 = Debug|x64
		Debug|x86 = Debug|x86
		Release|x64 = Release|x64
		Release|x86 = Release|x86
	EndGlobalSection
	GlobalSection(ProjectConfigurationPlatforms) = postSolution
		{B841776F-2567-4BA3-9C94-9087A0BD7EED}.Debug|x64.ActiveCfg = Debug|x64
		{B841776F-2567-4BA3-9C94-9087A0BD7EED}.Debug|x64.Build.0 = Debug|x64
		{B841776F-2567-4BA3-9C94-9087A0BD7EED}.Debug|x86.ActiveCfg = Debug|Win32
		{B841776F-2567-4BA3-9C94-9087A0BD7EED}.Debug|x86.Build.0 = Debug|Win32
		{B841776F-2567-4BA3-9C94-9087A0BD7EED}.Release|x64.ActiveCfg = Release|x64
		{B841776F-2567-4BA3-9C94-9087A0BD7EED}.Release|x64.Build.0 = Release|x64
		{B841776F-2567-4BA3-9C94-9087A0BD7EED}.Release|x86.ActiveCfg = Release|Win32
		{B841776F-2567-4BA3-9C94-9087A0BD7EED}.Release|x86.Build.0 = Release|Win32
	EndGlobalSection
	GlobalSection(SolutionProperties) = preSolution
		HideSolutionNode = FALSE
	EndGlobalSection
	GlobalSection(ExtensibilityGlobals) = postSolution
		SolutionGuid = {ED621D01-448D-421E-8482-E5A2572EA89C}
	EndGlobalSection
EndGlobal
